
Microsoft Visual Studio Solution File, Format Version 12.00
# Visual Studio Version 17
VisualStudioVersion = 17.7.33808.371
MinimumVisualStudioVersion = 10.0.40219.1
Project("{9A19103F-16F7-4668-BE54-9A1E7A4F7556}") = "dotnet-submit", "dotnet-submit\dotnet-submit.csproj", "{714CBA0B-A7C1-42A3-BC69-F49E44BFD905}"
EndProject
Project("{9A19103F-16F7-4668-BE54-9A1E7A4F7556}") = "dotnet-example", "dotnet-example\dotnet-example.csproj", "{A5DC2904-1758-446C-97FB-3133C26A9B69}"
EndProject
Project("{9A19103F-16F7-4668-BE54-9A1E7A4F7556}") = "dotnet-shmem", "dotnet-shmem\dotnet-shmem.csproj", "{4EC51F09-030E-4B75-8846-60B6EEEE6DF7}"
EndProject
Project("{9A19103F-16F7-4668-BE54-9A1E7A4F7556}") = "dotnet-common", "dotnet-common\dotnet-common.csproj", "{948AE35E-E7F1-4844-88F2-BD9C9A037471}"
EndProject
Project("{9A19103F-16F7-4668-BE54-9A1E7A4F7556}") = "dotnet-grpc", "dotnet-grpc\dotnet-grpc.csproj", "{27CFF623-B7F4-4664-B993-427C88A9ACED}"
EndProject
Project("{9A19103F-16F7-4668-BE54-9A1E7A4F7556}") = "dotnet-grpc-client", "dotnet-grpc-client\dotnet-grpc-client.csproj", "{E1B28009-958A-4840-BB34-8084E99C1679}"
EndProject
Project("{9A19103F-16F7-4668-BE54-9A1E7A4F7556}") = "dotnet-enable-journal", "dotnet-enable-journal\dotnet-enable-journal.csproj", "{427333C4-0D73-4CC5-B873-67EF286CB9A7}"
EndProject
Global
	GlobalSection(SolutionConfigurationPlatforms) = preSolution
		Debug|Any CPU = Debug|Any CPU
		Release|Any CPU = Release|Any CPU
	EndGlobalSection
	GlobalSection(ProjectConfigurationPlatforms) = postSolution
		{714CBA0B-A7C1-42A3-BC69-F49E44BFD905}.Debug|Any CPU.ActiveCfg = Debug|Any CPU
		{714CBA0B-A7C1-42A3-BC69-F49E44BFD905}.Debug|Any CPU.Build.0 = Debug|Any CPU
		{714CBA0B-A7C1-42A3-BC69-F49E44BFD905}.Release|Any CPU.ActiveCfg = Release|Any CPU
		{714CBA0B-A7C1-42A3-BC69-F49E44BFD905}.Release|Any CPU.Build.0 = Release|Any CPU
		{A5DC2904-1758-446C-97FB-3133C26A9B69}.Debug|Any CPU.ActiveCfg = Debug|Any CPU
		{A5DC2904-1758-446C-97FB-3133C26A9B69}.Debug|Any CPU.Build.0 = Debug|Any CPU
		{A5DC2904-1758-446C-97FB-3133C26A9B69}.Release|Any CPU.ActiveCfg = Release|Any CPU
		{A5DC2904-1758-446C-97FB-3133C26A9B69}.Release|Any CPU.Build.0 = Release|Any CPU
		{4EC51F09-030E-4B75-8846-60B6EEEE6DF7}.Debug|Any CPU.ActiveCfg = Debug|Any CPU
		{4EC51F09-030E-4B75-8846-60B6EEEE6DF7}.Debug|Any CPU.Build.0 = Debug|Any CPU
		{4EC51F09-030E-4B75-8846-60B6EEEE6DF7}.Release|Any CPU.ActiveCfg = Release|Any CPU
		{4EC51F09-030E-4B75-8846-60B6EEEE6DF7}.Release|Any CPU.Build.0 = Release|Any CPU
		{948AE35E-E7F1-4844-88F2-BD9C9A037471}.Debug|Any CPU.ActiveCfg = Debug|Any CPU
		{948AE35E-E7F1-4844-88F2-BD9C9A037471}.Debug|Any CPU.Build.0 = Debug|Any CPU
		{948AE35E-E7F1-4844-88F2-BD9C9A037471}.Release|Any CPU.ActiveCfg = Release|Any CPU
		{948AE35E-E7F1-4844-88F2-BD9C9A037471}.Release|Any CPU.Build.0 = Release|Any CPU
		{27CFF623-B7F4-4664-B993-427C88A9ACED}.Debug|Any CPU.ActiveCfg = Debug|Any CPU
		{27CFF623-B7F4-4664-B993-427C88A9ACED}.Debug|Any CPU.Build.0 = Debug|Any CPU
		{27CFF623-B7F4-4664-B993-427C88A9ACED}.Release|Any CPU.ActiveCfg = Release|Any CPU
		{27CFF623-B7F4-4664-B993-427C88A9ACED}.Release|Any CPU.Build.0 = Release|Any CPU
		{E1B28009-958A-4840-BB34-8084E99C1679}.Debug|Any CPU.ActiveCfg = Debug|Any CPU
		{E1B28009-958A-4840-BB34-8084E99C1679}.Debug|Any CPU.Build.0 = Debug|Any CPU
		{E1B28009-958A-4840-BB34-8084E99C1679}.Release|Any CPU.ActiveCfg = Release|Any CPU
		{E1B28009-958A-4840-BB34-8084E99C1679}.Release|Any CPU.Build.0 = Release|Any CPU
                {427333C4-0D73-4CC5-B873-67EF286CB9A7}.Debug|Any CPU.ActiveCfg = Debug|Any CPU
                {427333C4-0D73-4CC5-B873-67EF286CB9A7}.Debug|Any CPU.Build.0 = Debug|Any CPU
                {427333C4-0D73-4CC5-B873-67EF286CB9A7}.Release|Any CPU.ActiveCfg = Release|Any CPU
                {427333C4-0D73-4CC5-B873-67EF286CB9A7}.Release|Any CPU.Build.0 = Release|Any CPU
	EndGlobalSection
	GlobalSection(SolutionProperties) = preSolution
		HideSolutionNode = FALSE
	EndGlobalSection
	GlobalSection(ExtensibilityGlobals) = postSolution
		SolutionGuid = {2593D008-3416-4286-B023-EC71E41E356F}
	EndGlobalSection
EndGlobal
